
Microsoft Visual Studio Solution File, Format Version 12.00
# Visual Studio 15
VisualStudioVersion = 15.0.28010.2041
MinimumVisualStudioVersion = 10.0.40219.1
Project("{DA7A21FA-8162-4350-AD77-A8D1B671F3ED}") = "RealtimeRDeployment", "RealtimeRDeployment.rxproj", "{D79D5849-F5AF-4D63-8F00-87A265F2DDA7}"
EndProject
Global
	GlobalSection(SolutionConfigurationPlatforms) = preSolution
		Debug|Any CPU = Debug|Any CPU
		Release|Any CPU = Release|Any CPU
	EndGlobalSection
	GlobalSection(ProjectConfigurationPlatforms) = postSolution
		{D79D5849-F5AF-4D63-8F00-87A265F2DDA7}.Debug|Any CPU.ActiveCfg = Debug|Any CPU
		{D79D5849-F5AF-4D63-8F00-87A265F2DDA7}.Debug|Any CPU.Build.0 = Debug|Any CPU
		{D79D5849-F5AF-4D63-8F00-87A265F2DDA7}.Release|Any CPU.ActiveCfg = Release|Any CPU
		{D79D5849-F5AF-4D63-8F00-87A265F2DDA7}.Release|Any CPU.Build.0 = Release|Any CPU
	EndGlobalSection
	GlobalSection(SolutionProperties) = preSolution
		HideSolutionNode = FALSE
	EndGlobalSection
	GlobalSection(ExtensibilityGlobals) = postSolution
		SolutionGuid = {6D6AD9C4-C021-4C6E-8DDA-A4FF4DCB335A}
	EndGlobalSection
EndGlobal
